
Microsoft Visual Studio Solution File, Format Version 12.00
# Visual Studio 15
VisualStudioVersion = 15.0.27130.2036
MinimumVisualStudioVersion = 10.0.40219.1
Project("{FAE04EC0-301F-11D3-BF4B-00C04F79EFBC}") = "GranPremiVictorCasa", "GranPremiVictorCasa\GranPremiVictorCasa.csproj", "{F0B8CAF2-005F-4A42-BE9E-DB9F33B236A0}"
EndProject
Global
	GlobalSection(SolutionConfigurationPlatforms) = preSolution
		Debug|Any CPU = Debug|Any CPU
		Release|Any CPU = Release|Any CPU
	EndGlobalSection
	GlobalSection(ProjectConfigurationPlatforms) = postSolution
		{F0B8CAF2-005F-4A42-BE9E-DB9F33B236A0}.Debug|Any CPU.ActiveCfg = Debug|Any CPU
		{F0B8CAF2-005F-4A42-BE9E-DB9F33B236A0}.Debug|Any CPU.Build.0 = Debug|Any CPU
		{F0B8CAF2-005F-4A42-BE9E-DB9F33B236A0}.Release|Any CPU.ActiveCfg = Release|Any CPU
		{F0B8CAF2-005F-4A42-BE9E-DB9F33B236A0}.Release|Any CPU.Build.0 = Release|Any CPU
	EndGlobalSection
	GlobalSection(SolutionProperties) = preSolution
		HideSolutionNode = FALSE
	EndGlobalSection
	GlobalSection(ExtensibilityGlobals) = postSolution
		SolutionGuid = {8819CE02-16C1-437B-95A3-BED533B4FCFC}
	EndGlobalSection
EndGlobal
