
Microsoft Visual Studio Solution File, Format Version 12.00
# Visual Studio 15
VisualStudioVersion = 15.0.27130.2027
MinimumVisualStudioVersion = 10.0.40219.1
Project("{FAE04EC0-301F-11D3-BF4B-00C04F79EFBC}") = "PruebasVectores", "PruebasVectores\PruebasVectores.csproj", "{9BD94E34-2CAA-4D73-86AF-9275D7C112C1}"
EndProject
Global
	GlobalSection(SolutionConfigurationPlatforms) = preSolution
		Debug|Any CPU = Debug|Any CPU
		Release|Any CPU = Release|Any CPU
	EndGlobalSection
	GlobalSection(ProjectConfigurationPlatforms) = postSolution
		{9BD94E34-2CAA-4D73-86AF-9275D7C112C1}.Debug|Any CPU.ActiveCfg = Debug|Any CPU
		{9BD94E34-2CAA-4D73-86AF-9275D7C112C1}.Debug|Any CPU.Build.0 = Debug|Any CPU
		{9BD94E34-2CAA-4D73-86AF-9275D7C112C1}.Release|Any CPU.ActiveCfg = Release|Any CPU
		{9BD94E34-2CAA-4D73-86AF-9275D7C112C1}.Release|Any CPU.Build.0 = Release|Any CPU
	EndGlobalSection
	GlobalSection(SolutionProperties) = preSolution
		HideSolutionNode = FALSE
	EndGlobalSection
	GlobalSection(ExtensibilityGlobals) = postSolution
		SolutionGuid = {2ECD9044-7C34-463F-B255-B6B9BDF60015}
	EndGlobalSection
EndGlobal
